{
  "version": 4,
  "terraform_version": "1.14.8",
  "serial": 6,
  "lineage": "5a4e74cc-d522-cd1e-3ee9-7c65130df893",
  "outputs": {
    "availability_domains": {
      "value": [
        "ORxD:EU-PARIS-1-AD-1"
      ],
      "type": [
        "tuple",
        [
          "string"
        ]
      ]
    },
    "region": {
      "value": "eu-paris-1",
      "type": "string"
    },
    "subnet_id": {
      "value": "ocid1.subnet.oc1.eu-paris-1.aaaaaaaaw4nrq75slfsciwmnxkp33dmsf6zdjzvh3jrx3ue5xs6ahkwdxypq",
      "type": "string"
    },
    "vcn_id": {
      "value": "ocid1.vcn.oc1.eu-paris-1.amaaaaaarvnmxriazq7udu25pi6qhtzymw3tgasntd7i2ux4fva65z4bxb4q",
      "type": "string"
    }
  },
  "resources": [
    {
      "mode": "data",
      "type": "oci_identity_availability_domains",
      "name": "ads",
      "provider": "provider[\"registry.terraform.io/oracle/oci\"]",
      "instances": [
        {
          "schema_version": 0,
          "attributes": {
            "availability_domains": [
              {
                "compartment_id": "ocid1.tenancy.oc1..aaaaaaaag6e4praenmy77xk3rzvtjzspvn4pfkpyvr2fadpjfbg7p7j5r2vq",
                "id": "ocid1.availabilitydomain.oc1..aaaaaaaacko4o2fm6cie5oy2erflv6rgtxsrut5vvwtfzyfsez7weba4e5ga",
                "name": "ORxD:EU-PARIS-1-AD-1"
              }
            ],
            "compartment_id": "ocid1.tenancy.oc1..aaaaaaaag6e4praenmy77xk3rzvtjzspvn4pfkpyvr2fadpjfbg7p7j5r2vq",
            "filter": null,
            "id": "IdentityAvailabilityDomainsDataSource-3174001428"
          },
          "sensitive_attributes": [],
          "identity_schema_version": 0
        }
      ]
    },
    {
      "mode": "managed",
      "type": "oci_core_internet_gateway",
      "name": "snapenv_igw",
      "provider": "provider[\"registry.terraform.io/oracle/oci\"]",
      "instances": [
        {
          "schema_version": 0,
          "attributes": {
            "compartment_id": "ocid1.compartment.oc1..aaaaaaaaszcku6cp7ij6rlelcar7es2z6kcepfsvxydj7m5laokoqpel46da",
            "defined_tags": {
              "Oracle-Tags.CreatedBy": "default/robin1962@hotmail.fr",
              "Oracle-Tags.CreatedOn": "2026-03-29T10:59:30.341Z"
            },
            "display_name": "snapenv-igw",
            "enabled": true,
            "freeform_tags": {},
            "id": "ocid1.internetgateway.oc1.eu-paris-1.aaaaaaaa6vaphzg45mtvrt62ha77qsujphbhr32lu3nm45atn52oqwxd635q",
            "route_table_id": null,
            "state": "AVAILABLE",
            "time_created": "2026-03-29 10:59:30.366 +0000 UTC",
            "timeouts": null,
            "vcn_id": "ocid1.vcn.oc1.eu-paris-1.amaaaaaarvnmxriazq7udu25pi6qhtzymw3tgasntd7i2ux4fva65z4bxb4q"
          },
          "sensitive_attributes": [],
          "identity_schema_version": 0,
          "private": "eyJlMmJmYjczMC1lY2FhLTExZTYtOGY4OC0zNDM2M2JjN2M0YzAiOnsiY3JlYXRlIjoxMjAwMDAwMDAwMDAwLCJkZWxldGUiOjEyMDAwMDAwMDAwMDAsInVwZGF0ZSI6MTIwMDAwMDAwMDAwMH19",
          "dependencies": [
            "oci_core_virtual_network.snapenv_vcn"
          ]
        }
      ]
    },
    {
      "mode": "managed",
      "type": "oci_core_route_table",
      "name": "snapenv_rt",
      "provider": "provider[\"registry.terraform.io/oracle/oci\"]",
      "instances": [
        {
          "schema_version": 0,
          "attributes": {
            "compartment_id": "ocid1.compartment.oc1..aaaaaaaaszcku6cp7ij6rlelcar7es2z6kcepfsvxydj7m5laokoqpel46da",
            "defined_tags": {
              "Oracle-Tags.CreatedBy": "default/robin1962@hotmail.fr",
              "Oracle-Tags.CreatedOn": "2026-03-29T10:59:30.882Z"
            },
            "display_name": "snapenv-public-rt",
            "freeform_tags": {},
            "id": "ocid1.routetable.oc1.eu-paris-1.aaaaaaaawrxeig6zkmcqkeljhws3rbkdfoggkqho7pgpo3t62xfjdlgp6ddq",
            "route_rules": [
              {
                "cidr_block": "",
                "description": "",
                "destination": "0.0.0.0/0",
                "destination_type": "CIDR_BLOCK",
                "network_entity_id": "ocid1.internetgateway.oc1.eu-paris-1.aaaaaaaa6vaphzg45mtvrt62ha77qsujphbhr32lu3nm45atn52oqwxd635q",
                "route_type": ""
              }
            ],
            "state": "AVAILABLE",
            "time_created": "2026-03-29 10:59:30.896 +0000 UTC",
            "timeouts": null,
            "vcn_id": "ocid1.vcn.oc1.eu-paris-1.amaaaaaarvnmxriazq7udu25pi6qhtzymw3tgasntd7i2ux4fva65z4bxb4q"
          },
          "sensitive_attributes": [],
          "identity_schema_version": 0,
          "private": "eyJlMmJmYjczMC1lY2FhLTExZTYtOGY4OC0zNDM2M2JjN2M0YzAiOnsiY3JlYXRlIjoxMjAwMDAwMDAwMDAwLCJkZWxldGUiOjEyMDAwMDAwMDAwMDAsInVwZGF0ZSI6MTIwMDAwMDAwMDAwMH19",
          "dependencies": [
            "oci_core_internet_gateway.snapenv_igw",
            "oci_core_virtual_network.snapenv_vcn"
          ]
        }
      ]
    },
    {
      "mode": "managed",
      "type": "oci_core_subnet",
      "name": "snapenv_public",
      "provider": "provider[\"registry.terraform.io/oracle/oci\"]",
      "instances": [
        {
          "schema_version": 0,
          "attributes": {
            "availability_domain": null,
            "cidr_block": "10.0.1.0/24",
            "compartment_id": "ocid1.compartment.oc1..aaaaaaaaszcku6cp7ij6rlelcar7es2z6kcepfsvxydj7m5laokoqpel46da",
            "defined_tags": {
              "Oracle-Tags.CreatedBy": "default/robin1962@hotmail.fr",
              "Oracle-Tags.CreatedOn": "2026-03-29T10:59:31.296Z"
            },
            "dhcp_options_id": "ocid1.dhcpoptions.oc1.eu-paris-1.aaaaaaaardwyjxkgrdi4zfnx74tdkwijlgyl5mtsw3ywcq4z55lbram76uia",
            "display_name": "snapenv-public-subnet",
            "dns_label": "public",
            "freeform_tags": {},
            "id": "ocid1.subnet.oc1.eu-paris-1.aaaaaaaaw4nrq75slfsciwmnxkp33dmsf6zdjzvh3jrx3ue5xs6ahkwdxypq",
            "ipv6cidr_block": null,
            "ipv6cidr_blocks": [],
            "ipv6virtual_router_ip": null,
            "prohibit_internet_ingress": false,
            "prohibit_public_ip_on_vnic": false,
            "route_table_id": "ocid1.routetable.oc1.eu-paris-1.aaaaaaaawrxeig6zkmcqkeljhws3rbkdfoggkqho7pgpo3t62xfjdlgp6ddq",
            "security_list_ids": [
              "ocid1.securitylist.oc1.eu-paris-1.aaaaaaaa3zatxq4w2atvyvjstbaj5ctv737zqyysuxsmycpgg4p2geiiqg3a"
            ],
            "state": "AVAILABLE",
            "subnet_domain_name": "public.snapenv.oraclevcn.com",
            "time_created": "2026-03-29 10:59:31.325 +0000 UTC",
            "timeouts": null,
            "vcn_id": "ocid1.vcn.oc1.eu-paris-1.amaaaaaarvnmxriazq7udu25pi6qhtzymw3tgasntd7i2ux4fva65z4bxb4q",
            "virtual_router_ip": "10.0.1.1",
            "virtual_router_mac": "00:00:17:27:D2:1B"
          },
          "sensitive_attributes": [],
          "identity_schema_version": 0,
          "private": "eyJlMmJmYjczMC1lY2FhLTExZTYtOGY4OC0zNDM2M2JjN2M0YzAiOnsiY3JlYXRlIjoxMjAwMDAwMDAwMDAwLCJkZWxldGUiOjEyMDAwMDAwMDAwMDAsInVwZGF0ZSI6MTIwMDAwMDAwMDAwMH19",
          "dependencies": [
            "oci_core_internet_gateway.snapenv_igw",
            "oci_core_route_table.snapenv_rt",
            "oci_core_virtual_network.snapenv_vcn"
          ]
        }
      ]
    },
    {
      "mode": "managed",
      "type": "oci_core_virtual_network",
      "name": "snapenv_vcn",
      "provider": "provider[\"registry.terraform.io/oracle/oci\"]",
      "instances": [
        {
          "schema_version": 0,
          "attributes": {
            "byoipv6cidr_blocks": [],
            "byoipv6cidr_details": null,
            "cidr_block": "10.0.0.0/16",
            "cidr_blocks": [
              "10.0.0.0/16"
            ],
            "compartment_id": "ocid1.compartment.oc1..aaaaaaaaszcku6cp7ij6rlelcar7es2z6kcepfsvxydj7m5laokoqpel46da",
            "default_dhcp_options_id": "ocid1.dhcpoptions.oc1.eu-paris-1.aaaaaaaardwyjxkgrdi4zfnx74tdkwijlgyl5mtsw3ywcq4z55lbram76uia",
            "default_route_table_id": "ocid1.routetable.oc1.eu-paris-1.aaaaaaaamq4ckmfigc3qzdsy3latmjaag7zsd4bcqdhz2dj6m6gwlpr3sjxa",
            "default_security_list_id": "ocid1.securitylist.oc1.eu-paris-1.aaaaaaaa3zatxq4w2atvyvjstbaj5ctv737zqyysuxsmycpgg4p2geiiqg3a",
            "defined_tags": {
              "Oracle-Tags.CreatedBy": "default/robin1962@hotmail.fr",
              "Oracle-Tags.CreatedOn": "2026-03-29T10:59:29.708Z"
            },
            "display_name": "snapenv-vcn",
            "dns_label": "snapenv",
            "freeform_tags": {},
            "id": "ocid1.vcn.oc1.eu-paris-1.amaaaaaarvnmxriazq7udu25pi6qhtzymw3tgasntd7i2ux4fva65z4bxb4q",
            "ipv6cidr_blocks": [],
            "ipv6private_cidr_blocks": [],
            "is_ipv6enabled": false,
            "is_oracle_gua_allocation_enabled": null,
            "security_attributes": {},
            "state": "AVAILABLE",
            "time_created": "2026-03-29 10:59:29.764 +0000 UTC",
            "timeouts": null,
            "vcn_domain_name": "snapenv.oraclevcn.com"
          },
          "sensitive_attributes": [],
          "identity_schema_version": 0,
          "private": "eyJlMmJmYjczMC1lY2FhLTExZTYtOGY4OC0zNDM2M2JjN2M0YzAiOnsiY3JlYXRlIjoxMjAwMDAwMDAwMDAwLCJkZWxldGUiOjEyMDAwMDAwMDAwMDAsInVwZGF0ZSI6MTIwMDAwMDAwMDAwMH19"
        }
      ]
    }
  ],
  "check_results": null
}
