{
  "version": 4,
  "terraform_version": "1.14.8",
  "serial": 17,
  "lineage": "5a4e74cc-d522-cd1e-3ee9-7c65130df893",
  "outputs": {
    "availability_domains": {
      "value": [
        "ORxD:EU-PARIS-1-AD-1"
      ],
      "type": [
        "tuple",
        [
          "string"
        ]
      ]
    },
    "my_public_ip": {
      "value": "86.31.130.124",
      "type": "string"
    },
    "region": {
      "value": "eu-paris-1",
      "type": "string"
    },
    "subnet_id": {
      "value": "ocid1.subnet.oc1.eu-paris-1.aaaaaaaaw4nrq75slfsciwmnxkp33dmsf6zdjzvh3jrx3ue5xs6ahkwdxypq",
      "type": "string"
    },
    "vcn_id": {
      "value": "ocid1.vcn.oc1.eu-paris-1.amaaaaaarvnmxriazq7udu25pi6qhtzymw3tgasntd7i2ux4fva65z4bxb4q",
      "type": "string"
    }
  },
  "resources": [
    {
      "mode": "data",
      "type": "http",
      "name": "my_ip",
      "provider": "provider[\"registry.terraform.io/hashicorp/http\"]",
      "instances": [
        {
          "schema_version": 0,
          "attributes": {
            "body": "86.31.130.124",
            "ca_cert_pem": null,
            "client_cert_pem": null,
            "client_key_pem": null,
            "id": "https://ifconfig.me/ip",
            "insecure": null,
            "method": null,
            "request_body": null,
            "request_headers": null,
            "request_timeout_ms": null,
            "response_body": "86.31.130.124",
            "response_body_base64": "ODYuMzEuMTMwLjEyNA==",
            "response_headers": {
              "Access-Control-Allow-Origin": "*",
              "Alt-Svc": "h3=\":443\"; ma=2592000,h3-29=\":443\"; ma=2592000",
              "Content-Length": "13",
              "Content-Type": "text/plain",
              "Date": "Mon, 30 Mar 2026 17:25:56 GMT",
              "Via": "1.1 google"
            },
            "retry": null,
            "status_code": 200,
            "url": "https://ifconfig.me/ip"
          },
          "sensitive_attributes": [],
          "identity_schema_version": 0
        }
      ]
    },
    {
      "mode": "data",
      "type": "oci_core_images",
      "name": "oracle_linux",
      "provider": "provider[\"registry.terraform.io/oracle/oci\"]",
      "instances": [
        {
          "schema_version": 0,
          "attributes": {
            "compartment_id": "ocid1.compartment.oc1..aaaaaaaaszcku6cp7ij6rlelcar7es2z6kcepfsvxydj7m5laokoqpel46da",
            "display_name": null,
            "filter": null,
            "id": "CoreImagesDataSource-1019850557",
            "images": [
              {
                "agent_features": [],
                "base_image_id": "",
                "billable_size_in_gbs": "6",
                "compartment_id": "",
                "create_image_allowed": true,
                "defined_tags": {},
                "display_name": "Oracle-Linux-9.7-aarch64-2026.02.28-0",
                "freeform_tags": {},
                "id": "ocid1.image.oc1.eu-paris-1.aaaaaaaaz22rhxpgxozvcl7ee7h6tbv2fhkmlzjtxpuvqmx4ezjbntjl6f4q",
                "image_source_details": [],
                "instance_id": "",
                "launch_mode": "NATIVE",
                "launch_options": [
                  {
                    "boot_volume_type": "PARAVIRTUALIZED",
                    "firmware": "UEFI_64",
                    "is_consistent_volume_naming_enabled": true,
                    "is_pv_encryption_in_transit_enabled": true,
                    "network_type": "PARAVIRTUALIZED",
                    "remote_data_volume_type": "PARAVIRTUALIZED"
                  }
                ],
                "listing_type": "",
                "operating_system": "Oracle Linux",
                "operating_system_version": "9",
                "size_in_mbs": "47719",
                "state": "AVAILABLE",
                "time_created": "2026-03-04 21:16:11.554 +0000 UTC"
              },
              {
                "agent_features": [],
                "base_image_id": "",
                "billable_size_in_gbs": "5",
                "compartment_id": "",
                "create_image_allowed": true,
                "defined_tags": {},
                "display_name": "Oracle-Linux-9.7-aarch64-2026.01.29-0",
                "freeform_tags": {},
                "id": "ocid1.image.oc1.eu-paris-1.aaaaaaaas5yhixel7ko7wthcquuj6q7fmnpl45ahir5im5hioistpiqhuzca",
                "image_source_details": [],
                "instance_id": "",
                "launch_mode": "NATIVE",
                "launch_options": [
                  {
                    "boot_volume_type": "PARAVIRTUALIZED",
                    "firmware": "UEFI_64",
                    "is_consistent_volume_naming_enabled": true,
                    "is_pv_encryption_in_transit_enabled": true,
                    "network_type": "PARAVIRTUALIZED",
                    "remote_data_volume_type": "PARAVIRTUALIZED"
                  }
                ],
                "listing_type": "",
                "operating_system": "Oracle Linux",
                "operating_system_version": "9",
                "size_in_mbs": "47719",
                "state": "AVAILABLE",
                "time_created": "2026-02-05 22:55:00.031 +0000 UTC"
              },
              {
                "agent_features": [],
                "base_image_id": "",
                "billable_size_in_gbs": "5",
                "compartment_id": "",
                "create_image_allowed": true,
                "defined_tags": {},
                "display_name": "Oracle-Linux-9.6-aarch64-2025.11.20-0",
                "freeform_tags": {},
                "id": "ocid1.image.oc1.eu-paris-1.aaaaaaaanwsyy6f5opso2ke2myjbb5q6crg5sdxeqwsrpxy7x7eigzdpbi7q",
                "image_source_details": [],
                "instance_id": "",
                "launch_mode": "NATIVE",
                "launch_options": [
                  {
                    "boot_volume_type": "PARAVIRTUALIZED",
                    "firmware": "UEFI_64",
                    "is_consistent_volume_naming_enabled": true,
                    "is_pv_encryption_in_transit_enabled": true,
                    "network_type": "PARAVIRTUALIZED",
                    "remote_data_volume_type": "PARAVIRTUALIZED"
                  }
                ],
                "listing_type": "",
                "operating_system": "Oracle Linux",
                "operating_system_version": "9",
                "size_in_mbs": "47719",
                "state": "AVAILABLE",
                "time_created": "2025-12-08 05:02:59.825 +0000 UTC"
              }
            ],
            "operating_system": "Oracle Linux",
            "operating_system_version": "9",
            "shape": "VM.Standard.A1.Flex",
            "sort_by": "TIMECREATED",
            "sort_order": "DESC",
            "state": null
          },
          "sensitive_attributes": [],
          "identity_schema_version": 0
        }
      ]
    },
    {
      "mode": "data",
      "type": "oci_identity_availability_domains",
      "name": "ads",
      "provider": "provider[\"registry.terraform.io/oracle/oci\"]",
      "instances": [
        {
          "schema_version": 0,
          "attributes": {
            "availability_domains": [
              {
                "compartment_id": "ocid1.tenancy.oc1..aaaaaaaag6e4praenmy77xk3rzvtjzspvn4pfkpyvr2fadpjfbg7p7j5r2vq",
                "id": "ocid1.availabilitydomain.oc1..aaaaaaaacko4o2fm6cie5oy2erflv6rgtxsrut5vvwtfzyfsez7weba4e5ga",
                "name": "ORxD:EU-PARIS-1-AD-1"
              }
            ],
            "compartment_id": "ocid1.tenancy.oc1..aaaaaaaag6e4praenmy77xk3rzvtjzspvn4pfkpyvr2fadpjfbg7p7j5r2vq",
            "filter": null,
            "id": "IdentityAvailabilityDomainsDataSource-3174001428"
          },
          "sensitive_attributes": [],
          "identity_schema_version": 0
        }
      ]
    },
    {
      "mode": "managed",
      "type": "oci_core_internet_gateway",
      "name": "snapenv_igw",
      "provider": "provider[\"registry.terraform.io/oracle/oci\"]",
      "instances": [
        {
          "schema_version": 0,
          "attributes": {
            "compartment_id": "ocid1.compartment.oc1..aaaaaaaaszcku6cp7ij6rlelcar7es2z6kcepfsvxydj7m5laokoqpel46da",
            "defined_tags": {
              "Oracle-Tags.CreatedBy": "default/robin1962@hotmail.fr",
              "Oracle-Tags.CreatedOn": "2026-03-29T10:59:30.341Z"
            },
            "display_name": "snapenv-igw",
            "enabled": true,
            "freeform_tags": {},
            "id": "ocid1.internetgateway.oc1.eu-paris-1.aaaaaaaa6vaphzg45mtvrt62ha77qsujphbhr32lu3nm45atn52oqwxd635q",
            "route_table_id": null,
            "state": "AVAILABLE",
            "time_created": "2026-03-29 10:59:30.366 +0000 UTC",
            "timeouts": null,
            "vcn_id": "ocid1.vcn.oc1.eu-paris-1.amaaaaaarvnmxriazq7udu25pi6qhtzymw3tgasntd7i2ux4fva65z4bxb4q"
          },
          "sensitive_attributes": [],
          "identity_schema_version": 0,
          "private": "eyJlMmJmYjczMC1lY2FhLTExZTYtOGY4OC0zNDM2M2JjN2M0YzAiOnsiY3JlYXRlIjoxMjAwMDAwMDAwMDAwLCJkZWxldGUiOjEyMDAwMDAwMDAwMDAsInVwZGF0ZSI6MTIwMDAwMDAwMDAwMH19",
          "dependencies": [
            "oci_core_virtual_network.snapenv_vcn"
          ]
        }
      ]
    },
    {
      "mode": "managed",
      "type": "oci_core_route_table",
      "name": "snapenv_rt",
      "provider": "provider[\"registry.terraform.io/oracle/oci\"]",
      "instances": [
        {
          "schema_version": 0,
          "attributes": {
            "compartment_id": "ocid1.compartment.oc1..aaaaaaaaszcku6cp7ij6rlelcar7es2z6kcepfsvxydj7m5laokoqpel46da",
            "defined_tags": {
              "Oracle-Tags.CreatedBy": "default/robin1962@hotmail.fr",
              "Oracle-Tags.CreatedOn": "2026-03-29T10:59:30.882Z"
            },
            "display_name": "snapenv-public-rt",
            "freeform_tags": {},
            "id": "ocid1.routetable.oc1.eu-paris-1.aaaaaaaawrxeig6zkmcqkeljhws3rbkdfoggkqho7pgpo3t62xfjdlgp6ddq",
            "route_rules": [
              {
                "cidr_block": "",
                "description": "",
                "destination": "0.0.0.0/0",
                "destination_type": "CIDR_BLOCK",
                "network_entity_id": "ocid1.internetgateway.oc1.eu-paris-1.aaaaaaaa6vaphzg45mtvrt62ha77qsujphbhr32lu3nm45atn52oqwxd635q",
                "route_type": ""
              }
            ],
            "state": "AVAILABLE",
            "time_created": "2026-03-29 10:59:30.896 +0000 UTC",
            "timeouts": null,
            "vcn_id": "ocid1.vcn.oc1.eu-paris-1.amaaaaaarvnmxriazq7udu25pi6qhtzymw3tgasntd7i2ux4fva65z4bxb4q"
          },
          "sensitive_attributes": [],
          "identity_schema_version": 0,
          "private": "eyJlMmJmYjczMC1lY2FhLTExZTYtOGY4OC0zNDM2M2JjN2M0YzAiOnsiY3JlYXRlIjoxMjAwMDAwMDAwMDAwLCJkZWxldGUiOjEyMDAwMDAwMDAwMDAsInVwZGF0ZSI6MTIwMDAwMDAwMDAwMH19",
          "dependencies": [
            "oci_core_internet_gateway.snapenv_igw",
            "oci_core_virtual_network.snapenv_vcn"
          ]
        }
      ]
    },
    {
      "mode": "managed",
      "type": "oci_core_security_list",
      "name": "snapenv_sl",
      "provider": "provider[\"registry.terraform.io/oracle/oci\"]",
      "instances": [
        {
          "schema_version": 0,
          "attributes": {
            "compartment_id": "ocid1.compartment.oc1..aaaaaaaaszcku6cp7ij6rlelcar7es2z6kcepfsvxydj7m5laokoqpel46da",
            "defined_tags": {
              "Oracle-Tags.CreatedBy": "default/robin1962@hotmail.fr",
              "Oracle-Tags.CreatedOn": "2026-03-29T13:11:29.681Z"
            },
            "display_name": "snapenv-security-list",
            "egress_security_rules": [
              {
                "description": "",
                "destination": "0.0.0.0/0",
                "destination_type": "CIDR_BLOCK",
                "icmp_options": [],
                "protocol": "all",
                "stateless": false,
                "tcp_options": [],
                "udp_options": []
              }
            ],
            "freeform_tags": {},
            "id": "ocid1.securitylist.oc1.eu-paris-1.aaaaaaaaxrfwey7pqnrnce3hoxl66tojifinwtek47t2nuxjbeflj467bd7q",
            "ingress_security_rules": [
              {
                "description": "",
                "icmp_options": [],
                "protocol": "6",
                "source": "0.0.0.0/0",
                "source_type": "CIDR_BLOCK",
                "stateless": false,
                "tcp_options": [
                  {
                    "max": 443,
                    "min": 443,
                    "source_port_range": []
                  }
                ],
                "udp_options": []
              },
              {
                "description": "",
                "icmp_options": [],
                "protocol": "6",
                "source": "0.0.0.0/0",
                "source_type": "CIDR_BLOCK",
                "stateless": false,
                "tcp_options": [
                  {
                    "max": 80,
                    "min": 80,
                    "source_port_range": []
                  }
                ],
                "udp_options": []
              },
              {
                "description": "",
                "icmp_options": [],
                "protocol": "6",
                "source": "86.31.130.124/32",
                "source_type": "CIDR_BLOCK",
                "stateless": false,
                "tcp_options": [
                  {
                    "max": 22,
                    "min": 22,
                    "source_port_range": []
                  }
                ],
                "udp_options": []
              },
              {
                "description": "",
                "icmp_options": [],
                "protocol": "6",
                "source": "86.31.130.124/32",
                "source_type": "CIDR_BLOCK",
                "stateless": false,
                "tcp_options": [
                  {
                    "max": 6443,
                    "min": 6443,
                    "source_port_range": []
                  }
                ],
                "udp_options": []
              }
            ],
            "state": "AVAILABLE",
            "time_created": "2026-03-29 13:11:29.75 +0000 UTC",
            "timeouts": null,
            "vcn_id": "ocid1.vcn.oc1.eu-paris-1.amaaaaaarvnmxriazq7udu25pi6qhtzymw3tgasntd7i2ux4fva65z4bxb4q"
          },
          "sensitive_attributes": [],
          "identity_schema_version": 0,
          "private": "eyJlMmJmYjczMC1lY2FhLTExZTYtOGY4OC0zNDM2M2JjN2M0YzAiOnsiY3JlYXRlIjoxMjAwMDAwMDAwMDAwLCJkZWxldGUiOjEyMDAwMDAwMDAwMDAsInVwZGF0ZSI6MTIwMDAwMDAwMDAwMH19",
          "dependencies": [
            "data.http.my_ip",
            "oci_core_virtual_network.snapenv_vcn"
          ]
        }
      ]
    },
    {
      "mode": "managed",
      "type": "oci_core_subnet",
      "name": "snapenv_public",
      "provider": "provider[\"registry.terraform.io/oracle/oci\"]",
      "instances": [
        {
          "schema_version": 0,
          "attributes": {
            "availability_domain": null,
            "cidr_block": "10.0.1.0/24",
            "compartment_id": "ocid1.compartment.oc1..aaaaaaaaszcku6cp7ij6rlelcar7es2z6kcepfsvxydj7m5laokoqpel46da",
            "defined_tags": {
              "Oracle-Tags.CreatedBy": "default/robin1962@hotmail.fr",
              "Oracle-Tags.CreatedOn": "2026-03-29T10:59:31.296Z"
            },
            "dhcp_options_id": "ocid1.dhcpoptions.oc1.eu-paris-1.aaaaaaaardwyjxkgrdi4zfnx74tdkwijlgyl5mtsw3ywcq4z55lbram76uia",
            "display_name": "snapenv-public-subnet",
            "dns_label": "public",
            "freeform_tags": {},
            "id": "ocid1.subnet.oc1.eu-paris-1.aaaaaaaaw4nrq75slfsciwmnxkp33dmsf6zdjzvh3jrx3ue5xs6ahkwdxypq",
            "ipv6cidr_block": null,
            "ipv6cidr_blocks": [],
            "ipv6virtual_router_ip": null,
            "prohibit_internet_ingress": false,
            "prohibit_public_ip_on_vnic": false,
            "route_table_id": "ocid1.routetable.oc1.eu-paris-1.aaaaaaaawrxeig6zkmcqkeljhws3rbkdfoggkqho7pgpo3t62xfjdlgp6ddq",
            "security_list_ids": [
              "ocid1.securitylist.oc1.eu-paris-1.aaaaaaaaxrfwey7pqnrnce3hoxl66tojifinwtek47t2nuxjbeflj467bd7q"
            ],
            "state": "AVAILABLE",
            "subnet_domain_name": "public.snapenv.oraclevcn.com",
            "time_created": "2026-03-29 10:59:31.325 +0000 UTC",
            "timeouts": null,
            "vcn_id": "ocid1.vcn.oc1.eu-paris-1.amaaaaaarvnmxriazq7udu25pi6qhtzymw3tgasntd7i2ux4fva65z4bxb4q",
            "virtual_router_ip": "10.0.1.1",
            "virtual_router_mac": "00:00:17:27:D2:1B"
          },
          "sensitive_attributes": [],
          "identity_schema_version": 0,
          "private": "eyJlMmJmYjczMC1lY2FhLTExZTYtOGY4OC0zNDM2M2JjN2M0YzAiOnsiY3JlYXRlIjoxMjAwMDAwMDAwMDAwLCJkZWxldGUiOjEyMDAwMDAwMDAwMDAsInVwZGF0ZSI6MTIwMDAwMDAwMDAwMH19",
          "dependencies": [
            "data.http.my_ip",
            "oci_core_internet_gateway.snapenv_igw",
            "oci_core_route_table.snapenv_rt",
            "oci_core_security_list.snapenv_sl",
            "oci_core_virtual_network.snapenv_vcn"
          ]
        }
      ]
    },
    {
      "mode": "managed",
      "type": "oci_core_virtual_network",
      "name": "snapenv_vcn",
      "provider": "provider[\"registry.terraform.io/oracle/oci\"]",
      "instances": [
        {
          "schema_version": 0,
          "attributes": {
            "byoipv6cidr_blocks": [],
            "byoipv6cidr_details": [],
            "cidr_block": "10.0.0.0/16",
            "cidr_blocks": [
              "10.0.0.0/16"
            ],
            "compartment_id": "ocid1.compartment.oc1..aaaaaaaaszcku6cp7ij6rlelcar7es2z6kcepfsvxydj7m5laokoqpel46da",
            "default_dhcp_options_id": "ocid1.dhcpoptions.oc1.eu-paris-1.aaaaaaaardwyjxkgrdi4zfnx74tdkwijlgyl5mtsw3ywcq4z55lbram76uia",
            "default_route_table_id": "ocid1.routetable.oc1.eu-paris-1.aaaaaaaamq4ckmfigc3qzdsy3latmjaag7zsd4bcqdhz2dj6m6gwlpr3sjxa",
            "default_security_list_id": "ocid1.securitylist.oc1.eu-paris-1.aaaaaaaa3zatxq4w2atvyvjstbaj5ctv737zqyysuxsmycpgg4p2geiiqg3a",
            "defined_tags": {
              "Oracle-Tags.CreatedBy": "default/robin1962@hotmail.fr",
              "Oracle-Tags.CreatedOn": "2026-03-29T10:59:29.708Z"
            },
            "display_name": "snapenv-vcn",
            "dns_label": "snapenv",
            "freeform_tags": {},
            "id": "ocid1.vcn.oc1.eu-paris-1.amaaaaaarvnmxriazq7udu25pi6qhtzymw3tgasntd7i2ux4fva65z4bxb4q",
            "ipv6cidr_blocks": [],
            "ipv6private_cidr_blocks": [],
            "is_ipv6enabled": false,
            "is_oracle_gua_allocation_enabled": null,
            "security_attributes": {},
            "state": "AVAILABLE",
            "time_created": "2026-03-29 10:59:29.764 +0000 UTC",
            "timeouts": null,
            "vcn_domain_name": "snapenv.oraclevcn.com"
          },
          "sensitive_attributes": [],
          "identity_schema_version": 0,
          "private": "eyJlMmJmYjczMC1lY2FhLTExZTYtOGY4OC0zNDM2M2JjN2M0YzAiOnsiY3JlYXRlIjoxMjAwMDAwMDAwMDAwLCJkZWxldGUiOjEyMDAwMDAwMDAwMDAsInVwZGF0ZSI6MTIwMDAwMDAwMDAwMH19"
        }
      ]
    }
  ],
  "check_results": null
}
